
Microsoft Visual Studio Solution File, Format Version 12.00
# Visual Studio 2015
Project("{FAE04EC0-301F-11D3-BF4B-00C04F79EFBC}") = "AnimusalemRemake", "AnimusalemRemake.csproj", "{8BE725F3-29D3-824D-421A-0F5D75020B49}"
EndProject
Project("{FAE04EC0-301F-11D3-BF4B-00C04F79EFBC}") = "AnimusalemRemake.Editor", "AnimusalemRemake.Editor.csproj", "{26A66350-5533-B915-1DF9-299E6E66962C}"
EndProject
Global
	GlobalSection(SolutionConfigurationPlatforms) = preSolution
		Debug|Any CPU = Debug|Any CPU
		Release|Any CPU = Release|Any CPU
	EndGlobalSection
	GlobalSection(ProjectConfigurationPlatforms) = postSolution
		{8BE725F3-29D3-824D-421A-0F5D75020B49}.Debug|Any CPU.ActiveCfg = Debug|Any CPU
		{8BE725F3-29D3-824D-421A-0F5D75020B49}.Debug|Any CPU.Build.0 = Debug|Any CPU
		{8BE725F3-29D3-824D-421A-0F5D75020B49}.Release|Any CPU.ActiveCfg = Release|Any CPU
		{8BE725F3-29D3-824D-421A-0F5D75020B49}.Release|Any CPU.Build.0 = Release|Any CPU
		{26A66350-5533-B915-1DF9-299E6E66962C}.Debug|Any CPU.ActiveCfg = Debug|Any CPU
		{26A66350-5533-B915-1DF9-299E6E66962C}.Debug|Any CPU.Build.0 = Debug|Any CPU
		{26A66350-5533-B915-1DF9-299E6E66962C}.Release|Any CPU.ActiveCfg = Release|Any CPU
		{26A66350-5533-B915-1DF9-299E6E66962C}.Release|Any CPU.Build.0 = Release|Any CPU
	EndGlobalSection
	GlobalSection(SolutionProperties) = preSolution
		HideSolutionNode = FALSE
	EndGlobalSection
EndGlobal
